
Microsoft Visual Studio Solution File, Format Version 12.00
Project("{FAE04EC0-301F-11D3-BF4B-00C04F79EFBC}") = "ITCalculator", "ITCalculator\ITCalculator.csproj", "{5073334C-AB75-491E-8B4D-B626F405F0C5}"
EndProject
Project("{FAE04EC0-301F-11D3-BF4B-00C04F79EFBC}") = "ITCalculator.Domain.Test", "ITCalculator.Domain.Test\ITCalculator.Domain.Test.csproj", "{4A7244FE-05F4-4D63-8070-E449338F0764}"
EndProject
Project("{FAE04EC0-301F-11D3-BF4B-00C04F79EFBC}") = "Domain", "Domain\Domain.csproj", "{C48BFD83-5A75-4526-B9B9-9C96D42C514C}"
EndProject
Project("{2150E333-8FDC-42A3-9474-1A3956D46DE8}") = "Infra", "Infra", "{4D54C648-8ABA-429F-8B68-FBD7283A1052}"
EndProject
Project("{FAE04EC0-301F-11D3-BF4B-00C04F79EFBC}") = "Repository", "Repository\Repository.csproj", "{B936BBCE-1E79-4A1B-8A22-F7B84D15D269}"
EndProject
Project("{2150E333-8FDC-42A3-9474-1A3956D46DE8}") = "Test", "Test", "{B9517E12-1D9A-4F26-B369-EFDCCD79FDB5}"
EndProject
Project("{2150E333-8FDC-42A3-9474-1A3956D46DE8}") = "Domain", "Domain", "{6FF93045-F29A-4D0E-89C0-344872D35F12}"
EndProject
Project("{2150E333-8FDC-42A3-9474-1A3956D46DE8}") = "Application", "Application", "{95DA9570-D856-4889-9529-8458D3A5A965}"
EndProject
Project("{FAE04EC0-301F-11D3-BF4B-00C04F79EFBC}") = "ITCalculator.Application.Test", "ITCalculator.Application.Test\ITCalculator.Application.Test.csproj", "{7073268C-FE19-46B5-9F4E-77EB570EF9D6}"
EndProject
Global
	GlobalSection(SolutionConfigurationPlatforms) = preSolution
		Debug|Any CPU = Debug|Any CPU
		Release|Any CPU = Release|Any CPU
	EndGlobalSection
	GlobalSection(ProjectConfigurationPlatforms) = postSolution
		{5073334C-AB75-491E-8B4D-B626F405F0C5}.Debug|Any CPU.ActiveCfg = Debug|Any CPU
		{5073334C-AB75-491E-8B4D-B626F405F0C5}.Debug|Any CPU.Build.0 = Debug|Any CPU
		{5073334C-AB75-491E-8B4D-B626F405F0C5}.Release|Any CPU.ActiveCfg = Release|Any CPU
		{5073334C-AB75-491E-8B4D-B626F405F0C5}.Release|Any CPU.Build.0 = Release|Any CPU
		{4A7244FE-05F4-4D63-8070-E449338F0764}.Debug|Any CPU.ActiveCfg = Debug|Any CPU
		{4A7244FE-05F4-4D63-8070-E449338F0764}.Debug|Any CPU.Build.0 = Debug|Any CPU
		{4A7244FE-05F4-4D63-8070-E449338F0764}.Release|Any CPU.ActiveCfg = Release|Any CPU
		{4A7244FE-05F4-4D63-8070-E449338F0764}.Release|Any CPU.Build.0 = Release|Any CPU
		{C48BFD83-5A75-4526-B9B9-9C96D42C514C}.Debug|Any CPU.ActiveCfg = Debug|Any CPU
		{C48BFD83-5A75-4526-B9B9-9C96D42C514C}.Debug|Any CPU.Build.0 = Debug|Any CPU
		{C48BFD83-5A75-4526-B9B9-9C96D42C514C}.Release|Any CPU.ActiveCfg = Release|Any CPU
		{C48BFD83-5A75-4526-B9B9-9C96D42C514C}.Release|Any CPU.Build.0 = Release|Any CPU
		{B936BBCE-1E79-4A1B-8A22-F7B84D15D269}.Debug|Any CPU.ActiveCfg = Debug|Any CPU
		{B936BBCE-1E79-4A1B-8A22-F7B84D15D269}.Debug|Any CPU.Build.0 = Debug|Any CPU
		{B936BBCE-1E79-4A1B-8A22-F7B84D15D269}.Release|Any CPU.ActiveCfg = Release|Any CPU
		{B936BBCE-1E79-4A1B-8A22-F7B84D15D269}.Release|Any CPU.Build.0 = Release|Any CPU
		{7073268C-FE19-46B5-9F4E-77EB570EF9D6}.Debug|Any CPU.ActiveCfg = Debug|Any CPU
		{7073268C-FE19-46B5-9F4E-77EB570EF9D6}.Debug|Any CPU.Build.0 = Debug|Any CPU
		{7073268C-FE19-46B5-9F4E-77EB570EF9D6}.Release|Any CPU.ActiveCfg = Release|Any CPU
		{7073268C-FE19-46B5-9F4E-77EB570EF9D6}.Release|Any CPU.Build.0 = Release|Any CPU
	EndGlobalSection
	GlobalSection(NestedProjects) = preSolution
		{B936BBCE-1E79-4A1B-8A22-F7B84D15D269} = {4D54C648-8ABA-429F-8B68-FBD7283A1052}
		{4A7244FE-05F4-4D63-8070-E449338F0764} = {B9517E12-1D9A-4F26-B369-EFDCCD79FDB5}
		{C48BFD83-5A75-4526-B9B9-9C96D42C514C} = {6FF93045-F29A-4D0E-89C0-344872D35F12}
		{5073334C-AB75-491E-8B4D-B626F405F0C5} = {95DA9570-D856-4889-9529-8458D3A5A965}
		{7073268C-FE19-46B5-9F4E-77EB570EF9D6} = {B9517E12-1D9A-4F26-B369-EFDCCD79FDB5}
	EndGlobalSection
EndGlobal
